
Microsoft Visual Studio Solution File, Format Version 12.00
# Visual Studio Version 17
VisualStudioVersion = 17.3.32929.385
MinimumVisualStudioVersion = 10.0.40219.1
Project("{FAE04EC0-301F-11D3-BF4B-00C04F79EFBC}") = "Educational management system", "Educational management system.csproj", "{BA50E59F-5A9C-439F-B7D3-29B743DD4427}"
EndProject
Global
	GlobalSection(SolutionConfigurationPlatforms) = preSolution
		Debug|Any CPU = Debug|Any CPU
		Release|Any CPU = Release|Any CPU
	EndGlobalSection
	GlobalSection(ProjectConfigurationPlatforms) = postSolution
		{BA50E59F-5A9C-439F-B7D3-29B743DD4427}.Debug|Any CPU.ActiveCfg = Debug|Any CPU
		{BA50E59F-5A9C-439F-B7D3-29B743DD4427}.Debug|Any CPU.Build.0 = Debug|Any CPU
		{BA50E59F-5A9C-439F-B7D3-29B743DD4427}.Release|Any CPU.ActiveCfg = Release|Any CPU
		{BA50E59F-5A9C-439F-B7D3-29B743DD4427}.Release|Any CPU.Build.0 = Release|Any CPU
	EndGlobalSection
	GlobalSection(SolutionProperties) = preSolution
		HideSolutionNode = FALSE
	EndGlobalSection
	GlobalSection(ExtensibilityGlobals) = postSolution
		SolutionGuid = {97691083-F648-4E2A-A030-FE8D0ED9CD95}
	EndGlobalSection
EndGlobal
